
Microsoft Visual Studio Solution File, Format Version 12.00
# Visual Studio Version 16
VisualStudioVersion = 16.0.30320.27
MinimumVisualStudioVersion = 15.0.26124.0
Project("{9A19103F-16F7-4668-BE54-9A1E7A4F7556}") = "ScoreSys.Api", "ScoreSys.Api\ScoreSys.Api.csproj", "{3C023730-CA2E-404C-B8A6-F123178EA114}"
EndProject
Project("{9A19103F-16F7-4668-BE54-9A1E7A4F7556}") = "ScoreSys.Api.Tests", "ScoreSys.Api.Tests\ScoreSys.Api.Tests.csproj", "{AD6DC9AF-87DB-4E0F-AE3C-09F9D1ADE0D6}"
EndProject
Project("{9A19103F-16F7-4668-BE54-9A1E7A4F7556}") = "ScoreSys.Worker", "ScoreSys.Worker\ScoreSys.Worker.csproj", "{FB41DC98-832B-43DC-9041-7034F484A014}"
EndProject
Project("{FAE04EC0-301F-11D3-BF4B-00C04F79EFBC}") = "ScoreSys.Entities", "ScoreSys.Entities\ScoreSys.Entities.csproj", "{591659B4-A48F-4223-9AA2-D8BA77603A21}"
EndProject
Project("{FAE04EC0-301F-11D3-BF4B-00C04F79EFBC}") = "ScoreSys.Migrations", "ScoreSys.Migrations\ScoreSys.Migrations.csproj", "{EB1AE900-3114-469F-9565-B5BA458B9575}"
EndProject
Global
	GlobalSection(SolutionConfigurationPlatforms) = preSolution
		Debug|Any CPU = Debug|Any CPU
		Debug|x64 = Debug|x64
		Debug|x86 = Debug|x86
		Release|Any CPU = Release|Any CPU
		Release|x64 = Release|x64
		Release|x86 = Release|x86
	EndGlobalSection
	GlobalSection(ProjectConfigurationPlatforms) = postSolution
		{3C023730-CA2E-404C-B8A6-F123178EA114}.Debug|Any CPU.ActiveCfg = Debug|Any CPU
		{3C023730-CA2E-404C-B8A6-F123178EA114}.Debug|Any CPU.Build.0 = Debug|Any CPU
		{3C023730-CA2E-404C-B8A6-F123178EA114}.Debug|x64.ActiveCfg = Debug|Any CPU
		{3C023730-CA2E-404C-B8A6-F123178EA114}.Debug|x64.Build.0 = Debug|Any CPU
		{3C023730-CA2E-404C-B8A6-F123178EA114}.Debug|x86.ActiveCfg = Debug|Any CPU
		{3C023730-CA2E-404C-B8A6-F123178EA114}.Debug|x86.Build.0 = Debug|Any CPU
		{3C023730-CA2E-404C-B8A6-F123178EA114}.Release|Any CPU.ActiveCfg = Release|Any CPU
		{3C023730-CA2E-404C-B8A6-F123178EA114}.Release|Any CPU.Build.0 = Release|Any CPU
		{3C023730-CA2E-404C-B8A6-F123178EA114}.Release|x64.ActiveCfg = Release|Any CPU
		{3C023730-CA2E-404C-B8A6-F123178EA114}.Release|x64.Build.0 = Release|Any CPU
		{3C023730-CA2E-404C-B8A6-F123178EA114}.Release|x86.ActiveCfg = Release|Any CPU
		{3C023730-CA2E-404C-B8A6-F123178EA114}.Release|x86.Build.0 = Release|Any CPU
		{AD6DC9AF-87DB-4E0F-AE3C-09F9D1ADE0D6}.Debug|Any CPU.ActiveCfg = Debug|Any CPU
		{AD6DC9AF-87DB-4E0F-AE3C-09F9D1ADE0D6}.Debug|Any CPU.Build.0 = Debug|Any CPU
		{AD6DC9AF-87DB-4E0F-AE3C-09F9D1ADE0D6}.Debug|x64.ActiveCfg = Debug|Any CPU
		{AD6DC9AF-87DB-4E0F-AE3C-09F9D1ADE0D6}.Debug|x64.Build.0 = Debug|Any CPU
		{AD6DC9AF-87DB-4E0F-AE3C-09F9D1ADE0D6}.Debug|x86.ActiveCfg = Debug|Any CPU
		{AD6DC9AF-87DB-4E0F-AE3C-09F9D1ADE0D6}.Debug|x86.Build.0 = Debug|Any CPU
		{AD6DC9AF-87DB-4E0F-AE3C-09F9D1ADE0D6}.Release|Any CPU.ActiveCfg = Release|Any CPU
		{AD6DC9AF-87DB-4E0F-AE3C-09F9D1ADE0D6}.Release|Any CPU.Build.0 = Release|Any CPU
		{AD6DC9AF-87DB-4E0F-AE3C-09F9D1ADE0D6}.Release|x64.ActiveCfg = Release|Any CPU
		{AD6DC9AF-87DB-4E0F-AE3C-09F9D1ADE0D6}.Release|x64.Build.0 = Release|Any CPU
		{AD6DC9AF-87DB-4E0F-AE3C-09F9D1ADE0D6}.Release|x86.ActiveCfg = Release|Any CPU
		{AD6DC9AF-87DB-4E0F-AE3C-09F9D1ADE0D6}.Release|x86.Build.0 = Release|Any CPU
		{FB41DC98-832B-43DC-9041-7034F484A014}.Debug|Any CPU.ActiveCfg = Debug|Any CPU
		{FB41DC98-832B-43DC-9041-7034F484A014}.Debug|Any CPU.Build.0 = Debug|Any CPU
		{FB41DC98-832B-43DC-9041-7034F484A014}.Debug|x64.ActiveCfg = Debug|Any CPU
		{FB41DC98-832B-43DC-9041-7034F484A014}.Debug|x64.Build.0 = Debug|Any CPU
		{FB41DC98-832B-43DC-9041-7034F484A014}.Debug|x86.ActiveCfg = Debug|Any CPU
		{FB41DC98-832B-43DC-9041-7034F484A014}.Debug|x86.Build.0 = Debug|Any CPU
		{FB41DC98-832B-43DC-9041-7034F484A014}.Release|Any CPU.ActiveCfg = Release|Any CPU
		{FB41DC98-832B-43DC-9041-7034F484A014}.Release|Any CPU.Build.0 = Release|Any CPU
		{FB41DC98-832B-43DC-9041-7034F484A014}.Release|x64.ActiveCfg = Release|Any CPU
		{FB41DC98-832B-43DC-9041-7034F484A014}.Release|x64.Build.0 = Release|Any CPU
		{FB41DC98-832B-43DC-9041-7034F484A014}.Release|x86.ActiveCfg = Release|Any CPU
		{FB41DC98-832B-43DC-9041-7034F484A014}.Release|x86.Build.0 = Release|Any CPU
		{591659B4-A48F-4223-9AA2-D8BA77603A21}.Debug|Any CPU.ActiveCfg = Debug|Any CPU
		{591659B4-A48F-4223-9AA2-D8BA77603A21}.Debug|Any CPU.Build.0 = Debug|Any CPU
		{591659B4-A48F-4223-9AA2-D8BA77603A21}.Debug|x64.ActiveCfg = Debug|Any CPU
		{591659B4-A48F-4223-9AA2-D8BA77603A21}.Debug|x64.Build.0 = Debug|Any CPU
		{591659B4-A48F-4223-9AA2-D8BA77603A21}.Debug|x86.ActiveCfg = Debug|Any CPU
		{591659B4-A48F-4223-9AA2-D8BA77603A21}.Debug|x86.Build.0 = Debug|Any CPU
		{591659B4-A48F-4223-9AA2-D8BA77603A21}.Release|Any CPU.ActiveCfg = Release|Any CPU
		{591659B4-A48F-4223-9AA2-D8BA77603A21}.Release|Any CPU.Build.0 = Release|Any CPU
		{591659B4-A48F-4223-9AA2-D8BA77603A21}.Release|x64.ActiveCfg = Release|Any CPU
		{591659B4-A48F-4223-9AA2-D8BA77603A21}.Release|x64.Build.0 = Release|Any CPU
		{591659B4-A48F-4223-9AA2-D8BA77603A21}.Release|x86.ActiveCfg = Release|Any CPU
		{591659B4-A48F-4223-9AA2-D8BA77603A21}.Release|x86.Build.0 = Release|Any CPU
		{EB1AE900-3114-469F-9565-B5BA458B9575}.Debug|Any CPU.ActiveCfg = Debug|Any CPU
		{EB1AE900-3114-469F-9565-B5BA458B9575}.Debug|Any CPU.Build.0 = Debug|Any CPU
		{EB1AE900-3114-469F-9565-B5BA458B9575}.Debug|x64.ActiveCfg = Debug|Any CPU
		{EB1AE900-3114-469F-9565-B5BA458B9575}.Debug|x64.Build.0 = Debug|Any CPU
		{EB1AE900-3114-469F-9565-B5BA458B9575}.Debug|x86.ActiveCfg = Debug|Any CPU
		{EB1AE900-3114-469F-9565-B5BA458B9575}.Debug|x86.Build.0 = Debug|Any CPU
		{EB1AE900-3114-469F-9565-B5BA458B9575}.Release|Any CPU.ActiveCfg = Release|Any CPU
		{EB1AE900-3114-469F-9565-B5BA458B9575}.Release|Any CPU.Build.0 = Release|Any CPU
		{EB1AE900-3114-469F-9565-B5BA458B9575}.Release|x64.ActiveCfg = Release|Any CPU
		{EB1AE900-3114-469F-9565-B5BA458B9575}.Release|x64.Build.0 = Release|Any CPU
		{EB1AE900-3114-469F-9565-B5BA458B9575}.Release|x86.ActiveCfg = Release|Any CPU
		{EB1AE900-3114-469F-9565-B5BA458B9575}.Release|x86.Build.0 = Release|Any CPU
	EndGlobalSection
	GlobalSection(SolutionProperties) = preSolution
		HideSolutionNode = FALSE
	EndGlobalSection
	GlobalSection(ExtensibilityGlobals) = postSolution
		SolutionGuid = {65135BFB-C8F3-4ED5-82C0-B4A8DC9EA44E}
	EndGlobalSection
EndGlobal
